
Microsoft Visual Studio Solution File, Format Version 12.00
# Visual Studio Version 16
VisualStudioVersion = 16.0.32106.194
MinimumVisualStudioVersion = 10.0.40219.1
Project("{FAE04EC0-301F-11D3-BF4B-00C04F79EFBC}") = "UyduAlicisi", "UyduAlicisi\UyduAlicisi.csproj", "{565AA508-0E36-4F7D-BEBC-AAB0628A98BA}"
EndProject
Global
	GlobalSection(SolutionConfigurationPlatforms) = preSolution
		Debug|Any CPU = Debug|Any CPU
		Release|Any CPU = Release|Any CPU
	EndGlobalSection
	GlobalSection(ProjectConfigurationPlatforms) = postSolution
		{565AA508-0E36-4F7D-BEBC-AAB0628A98BA}.Debug|Any CPU.ActiveCfg = Debug|Any CPU
		{565AA508-0E36-4F7D-BEBC-AAB0628A98BA}.Debug|Any CPU.Build.0 = Debug|Any CPU
		{565AA508-0E36-4F7D-BEBC-AAB0628A98BA}.Release|Any CPU.ActiveCfg = Release|Any CPU
		{565AA508-0E36-4F7D-BEBC-AAB0628A98BA}.Release|Any CPU.Build.0 = Release|Any CPU
	EndGlobalSection
	GlobalSection(SolutionProperties) = preSolution
		HideSolutionNode = FALSE
	EndGlobalSection
	GlobalSection(ExtensibilityGlobals) = postSolution
		SolutionGuid = {F106B3E5-5B9F-4D90-B9AC-6038EF9AF2A7}
	EndGlobalSection
EndGlobal
